
Microsoft Visual Studio Solution File, Format Version 12.00
# Visual Studio Version 17
VisualStudioVersion = 17.9.34622.214
MinimumVisualStudioVersion = 10.0.40219.1
Project("{8BC9CEB8-8B4A-11D0-8D11-00A0C91BC942}") = "chap1_11", "Firstprog1103\Firstprog1103.vcxproj", "{EB76E0A0-1038-4606-93EF-F4DF02BAA93C}"
EndProject
Project("{8BC9CEB8-8B4A-11D0-8D11-00A0C91BC942}") = "P_386", "Project1\Project1.vcxproj", "{3757A540-D110-482C-8CB6-46466558485C}"
EndProject
Project("{2150E333-8FDC-42A3-9474-1A3956D46DE8}") = "Chap16_386", "Chap16_386", "{D1F6E9D2-5CCC-48E1-9650-4F0FDBA83A58}"
EndProject
Project("{2150E333-8FDC-42A3-9474-1A3956D46DE8}") = "chap-1_11", "chap-1_11", "{B315EA0C-C63C-4CDC-8EE0-49267816A4FD}"
EndProject
Project("{2150E333-8FDC-42A3-9474-1A3956D46DE8}") = "Chap17_417", "Chap17_417", "{4F5E39B4-F68C-46A5-9977-EB01C7072CC6}"
EndProject
Project("{8BC9CEB8-8B4A-11D0-8D11-00A0C91BC942}") = "Chap_16_409", "Chap_16_409\Chap_16_409.vcxproj", "{0F76D87B-F19C-426A-B017-59B8D1A295CE}"
EndProject
Project("{2150E333-8FDC-42A3-9474-1A3956D46DE8}") = "Chap17-void", "Chap17-void", "{B5D366EC-C76C-482E-9C48-6F602CF12A21}"
EndProject
Project("{8BC9CEB8-8B4A-11D0-8D11-00A0C91BC942}") = "리턴값이_없는_함수", "리턴값이_없는_함수\리턴값이_없는_함수.vcxproj", "{453AF668-62E6-4438-AFA7-6D9F7A04518A}"
EndProject
Project("{2150E333-8FDC-42A3-9474-1A3956D46DE8}") = "Chap18-434", "Chap18-434", "{7962377E-96C4-4C5E-89E1-7AF677656286}"
EndProject
Project("{8BC9CEB8-8B4A-11D0-8D11-00A0C91BC942}") = "page-434", "page-434\page-434.vcxproj", "{7DC5CD04-6CE4-4692-A15C-C713FE8FD9EC}"
EndProject
Project("{2150E333-8FDC-42A3-9474-1A3956D46DE8}") = "Chap19 - 매크로함수, 인라인함수", "Chap19 - 매크로함수, 인라인함수", "{ECC49522-F293-4807-A287-56ADBD6C95A2}"
EndProject
Project("{8BC9CEB8-8B4A-11D0-8D11-00A0C91BC942}") = "매크로함수, 인라인함수", "Project2\Project2.vcxproj", "{70A6481F-DE95-4C07-B0AD-5AC5701001AE}"
EndProject
Project("{2150E333-8FDC-42A3-9474-1A3956D46DE8}") = "Chap20 - 그 밖의 키워드들", "Chap20 - 그 밖의 키워드들", "{C091E258-7FEB-4AD7-A673-3E6C727CC10C}"
EndProject
Project("{8BC9CEB8-8B4A-11D0-8D11-00A0C91BC942}") = "그 밖에 키워드들", "그 밖에 키워드들\그 밖에 키워드들.vcxproj", "{1E47ADB6-154C-459A-89F9-13B56038AF08}"
EndProject
Global
	GlobalSection(SolutionConfigurationPlatforms) = preSolution
		Debug|x64 = Debug|x64
		Debug|x86 = Debug|x86
		Release|x64 = Release|x64
		Release|x86 = Release|x86
	EndGlobalSection
	GlobalSection(ProjectConfigurationPlatforms) = postSolution
		{EB76E0A0-1038-4606-93EF-F4DF02BAA93C}.Debug|x64.ActiveCfg = Debug|x64
		{EB76E0A0-1038-4606-93EF-F4DF02BAA93C}.Debug|x64.Build.0 = Debug|x64
		{EB76E0A0-1038-4606-93EF-F4DF02BAA93C}.Debug|x86.ActiveCfg = Debug|Win32
		{EB76E0A0-1038-4606-93EF-F4DF02BAA93C}.Debug|x86.Build.0 = Debug|Win32
		{EB76E0A0-1038-4606-93EF-F4DF02BAA93C}.Release|x64.ActiveCfg = Release|x64
		{EB76E0A0-1038-4606-93EF-F4DF02BAA93C}.Release|x64.Build.0 = Release|x64
		{EB76E0A0-1038-4606-93EF-F4DF02BAA93C}.Release|x86.ActiveCfg = Release|Win32
		{EB76E0A0-1038-4606-93EF-F4DF02BAA93C}.Release|x86.Build.0 = Release|Win32
		{3757A540-D110-482C-8CB6-46466558485C}.Debug|x64.ActiveCfg = Debug|x64
		{3757A540-D110-482C-8CB6-46466558485C}.Debug|x64.Build.0 = Debug|x64
		{3757A540-D110-482C-8CB6-46466558485C}.Debug|x86.ActiveCfg = Debug|Win32
		{3757A540-D110-482C-8CB6-46466558485C}.Debug|x86.Build.0 = Debug|Win32
		{3757A540-D110-482C-8CB6-46466558485C}.Release|x64.ActiveCfg = Release|x64
		{3757A540-D110-482C-8CB6-46466558485C}.Release|x64.Build.0 = Release|x64
		{3757A540-D110-482C-8CB6-46466558485C}.Release|x86.ActiveCfg = Release|Win32
		{3757A540-D110-482C-8CB6-46466558485C}.Release|x86.Build.0 = Release|Win32
		{0F76D87B-F19C-426A-B017-59B8D1A295CE}.Debug|x64.ActiveCfg = Debug|x64
		{0F76D87B-F19C-426A-B017-59B8D1A295CE}.Debug|x64.Build.0 = Debug|x64
		{0F76D87B-F19C-426A-B017-59B8D1A295CE}.Debug|x86.ActiveCfg = Debug|Win32
		{0F76D87B-F19C-426A-B017-59B8D1A295CE}.Debug|x86.Build.0 = Debug|Win32
		{0F76D87B-F19C-426A-B017-59B8D1A295CE}.Release|x64.ActiveCfg = Release|x64
		{0F76D87B-F19C-426A-B017-59B8D1A295CE}.Release|x64.Build.0 = Release|x64
		{0F76D87B-F19C-426A-B017-59B8D1A295CE}.Release|x86.ActiveCfg = Release|Win32
		{0F76D87B-F19C-426A-B017-59B8D1A295CE}.Release|x86.Build.0 = Release|Win32
		{453AF668-62E6-4438-AFA7-6D9F7A04518A}.Debug|x64.ActiveCfg = Debug|x64
		{453AF668-62E6-4438-AFA7-6D9F7A04518A}.Debug|x64.Build.0 = Debug|x64
		{453AF668-62E6-4438-AFA7-6D9F7A04518A}.Debug|x86.ActiveCfg = Debug|Win32
		{453AF668-62E6-4438-AFA7-6D9F7A04518A}.Debug|x86.Build.0 = Debug|Win32
		{453AF668-62E6-4438-AFA7-6D9F7A04518A}.Release|x64.ActiveCfg = Release|x64
		{453AF668-62E6-4438-AFA7-6D9F7A04518A}.Release|x64.Build.0 = Release|x64
		{453AF668-62E6-4438-AFA7-6D9F7A04518A}.Release|x86.ActiveCfg = Release|Win32
		{453AF668-62E6-4438-AFA7-6D9F7A04518A}.Release|x86.Build.0 = Release|Win32
		{7DC5CD04-6CE4-4692-A15C-C713FE8FD9EC}.Debug|x64.ActiveCfg = Debug|x64
		{7DC5CD04-6CE4-4692-A15C-C713FE8FD9EC}.Debug|x64.Build.0 = Debug|x64
		{7DC5CD04-6CE4-4692-A15C-C713FE8FD9EC}.Debug|x86.ActiveCfg = Debug|Win32
		{7DC5CD04-6CE4-4692-A15C-C713FE8FD9EC}.Debug|x86.Build.0 = Debug|Win32
		{7DC5CD04-6CE4-4692-A15C-C713FE8FD9EC}.Release|x64.ActiveCfg = Release|x64
		{7DC5CD04-6CE4-4692-A15C-C713FE8FD9EC}.Release|x64.Build.0 = Release|x64
		{7DC5CD04-6CE4-4692-A15C-C713FE8FD9EC}.Release|x86.ActiveCfg = Release|Win32
		{7DC5CD04-6CE4-4692-A15C-C713FE8FD9EC}.Release|x86.Build.0 = Release|Win32
		{70A6481F-DE95-4C07-B0AD-5AC5701001AE}.Debug|x64.ActiveCfg = Debug|x64
		{70A6481F-DE95-4C07-B0AD-5AC5701001AE}.Debug|x64.Build.0 = Debug|x64
		{70A6481F-DE95-4C07-B0AD-5AC5701001AE}.Debug|x86.ActiveCfg = Debug|Win32
		{70A6481F-DE95-4C07-B0AD-5AC5701001AE}.Debug|x86.Build.0 = Debug|Win32
		{70A6481F-DE95-4C07-B0AD-5AC5701001AE}.Release|x64.ActiveCfg = Release|x64
		{70A6481F-DE95-4C07-B0AD-5AC5701001AE}.Release|x64.Build.0 = Release|x64
		{70A6481F-DE95-4C07-B0AD-5AC5701001AE}.Release|x86.ActiveCfg = Release|Win32
		{70A6481F-DE95-4C07-B0AD-5AC5701001AE}.Release|x86.Build.0 = Release|Win32
		{1E47ADB6-154C-459A-89F9-13B56038AF08}.Debug|x64.ActiveCfg = Debug|x64
		{1E47ADB6-154C-459A-89F9-13B56038AF08}.Debug|x64.Build.0 = Debug|x64
		{1E47ADB6-154C-459A-89F9-13B56038AF08}.Debug|x86.ActiveCfg = Debug|Win32
		{1E47ADB6-154C-459A-89F9-13B56038AF08}.Debug|x86.Build.0 = Debug|Win32
		{1E47ADB6-154C-459A-89F9-13B56038AF08}.Release|x64.ActiveCfg = Release|x64
		{1E47ADB6-154C-459A-89F9-13B56038AF08}.Release|x64.Build.0 = Release|x64
		{1E47ADB6-154C-459A-89F9-13B56038AF08}.Release|x86.ActiveCfg = Release|Win32
		{1E47ADB6-154C-459A-89F9-13B56038AF08}.Release|x86.Build.0 = Release|Win32
	EndGlobalSection
	GlobalSection(SolutionProperties) = preSolution
		HideSolutionNode = FALSE
	EndGlobalSection
	GlobalSection(NestedProjects) = preSolution
		{EB76E0A0-1038-4606-93EF-F4DF02BAA93C} = {B315EA0C-C63C-4CDC-8EE0-49267816A4FD}
		{3757A540-D110-482C-8CB6-46466558485C} = {D1F6E9D2-5CCC-48E1-9650-4F0FDBA83A58}
		{0F76D87B-F19C-426A-B017-59B8D1A295CE} = {4F5E39B4-F68C-46A5-9977-EB01C7072CC6}
		{453AF668-62E6-4438-AFA7-6D9F7A04518A} = {B5D366EC-C76C-482E-9C48-6F602CF12A21}
		{7DC5CD04-6CE4-4692-A15C-C713FE8FD9EC} = {7962377E-96C4-4C5E-89E1-7AF677656286}
		{70A6481F-DE95-4C07-B0AD-5AC5701001AE} = {ECC49522-F293-4807-A287-56ADBD6C95A2}
		{1E47ADB6-154C-459A-89F9-13B56038AF08} = {C091E258-7FEB-4AD7-A673-3E6C727CC10C}
	EndGlobalSection
	GlobalSection(ExtensibilityGlobals) = postSolution
		SolutionGuid = {23298A5D-5411-4E9D-944E-7BE87491F448}
	EndGlobalSection
EndGlobal
